<?xml version="1.0" encoding="utf-8"?>
<Project ToolsVersion="17.0" xmlns="http://schemas.microsoft.com/developer/msbuild/2003">
  <ItemGroup>
    <ClCompile Include="I:\code\lobotomy-x\UEVR\examples\api_test_plugin\Plugin.cpp">
      <Filter>Source Files</Filter>
    </ClCompile>
  </ItemGroup>
  <ItemGroup>
    <CustomBuild Include="I:\code\lobotomy-x\UEVR\examples\api_test_plugin\CMakeLists.txt" />
  </ItemGroup>
  <ItemGroup>
    <Filter Include="Source Files">
      <UniqueIdentifier>{F9D00322-2FB0-3407-96EE-1391BDD45F77}</UniqueIdentifier>
    </Filter>
  </ItemGroup>
</Project>
