<?xml version="1.0" encoding="utf-8"?>
<Project ToolsVersion="17.0" xmlns="http://schemas.microsoft.com/developer/msbuild/2003">
  <ItemGroup>
    <ClCompile Include="I:\code\lobotomy-x\UEVR\dependencies\submodules\spdlog\src\async.cpp">
      <Filter>dependencies\submodules\spdlog\src</Filter>
    </ClCompile>
    <ClCompile Include="I:\code\lobotomy-x\UEVR\dependencies\submodules\spdlog\src\bundled_fmtlib_format.cpp">
      <Filter>dependencies\submodules\spdlog\src</Filter>
    </ClCompile>
    <ClCompile Include="I:\code\lobotomy-x\UEVR\dependencies\submodules\spdlog\src\cfg.cpp">
      <Filter>dependencies\submodules\spdlog\src</Filter>
    </ClCompile>
    <ClCompile Include="I:\code\lobotomy-x\UEVR\dependencies\submodules\spdlog\src\color_sinks.cpp">
      <Filter>dependencies\submodules\spdlog\src</Filter>
    </ClCompile>
    <ClCompile Include="I:\code\lobotomy-x\UEVR\dependencies\submodules\spdlog\src\file_sinks.cpp">
      <Filter>dependencies\submodules\spdlog\src</Filter>
    </ClCompile>
    <ClCompile Include="I:\code\lobotomy-x\UEVR\dependencies\submodules\spdlog\src\spdlog.cpp">
      <Filter>dependencies\submodules\spdlog\src</Filter>
    </ClCompile>
    <ClCompile Include="I:\code\lobotomy-x\UEVR\dependencies\submodules\spdlog\src\stdout_sinks.cpp">
      <Filter>dependencies\submodules\spdlog\src</Filter>
    </ClCompile>
  </ItemGroup>
  <ItemGroup>
    <CustomBuild Include="I:\code\lobotomy-x\UEVR\CMakeLists.txt" />
  </ItemGroup>
  <ItemGroup>
    <None Include="I:\code\lobotomy-x\UEVR\cmake.toml" />
  </ItemGroup>
  <ItemGroup>
    <Filter Include="dependencies">
      <UniqueIdentifier>{6026BA26-B92C-3FFD-B981-B148AF9DEA54}</UniqueIdentifier>
    </Filter>
    <Filter Include="dependencies\submodules">
      <UniqueIdentifier>{E95134E1-CC79-38CA-B4E0-82D406F4591F}</UniqueIdentifier>
    </Filter>
    <Filter Include="dependencies\submodules\spdlog">
      <UniqueIdentifier>{542D3A37-399E-33A4-A5F5-D3AD09B01C30}</UniqueIdentifier>
    </Filter>
    <Filter Include="dependencies\submodules\spdlog\src">
      <UniqueIdentifier>{DF2EBE70-E89F-3C23-83E9-BE783DCB1F99}</UniqueIdentifier>
    </Filter>
  </ItemGroup>
</Project>
