
Microsoft Visual Studio Solution File, Format Version 12.00
# Visual Studio Version 17
Project("{2150E333-8FDC-42A3-9474-1A3956D46DE8}") = "CMake predefined targets", "CMake predefined targets", "{54C026C8-5A3A-3E61-8A3D-969720005C01}"
EndProject
Project("{2150E333-8FDC-42A3-9474-1A3956D46DE8}") = "CTestDashboardTargets", "CTestDashboardTargets", "{3BC2212C-7ACA-388C-8AA0-01FB55A9B92E}"
EndProject
Project("{2150E333-8FDC-42A3-9474-1A3956D46DE8}") = "Generated", "Generated", "{65DB209E-4FB2-38BC-A8A5-08F37087C022}"
EndProject
Project("{2150E333-8FDC-42A3-9474-1A3956D46DE8}") = "Helpers", "Helpers", "{7751A339-BA10-3343-843A-C2991A90EF65}"
EndProject
Project("{2150E333-8FDC-42A3-9474-1A3956D46DE8}") = "Loader", "Loader", "{727550FA-3435-33A5-A7DE-568EFEB57301}"
EndProject
Project("{8BC9CEB8-8B4A-11D0-8D11-00A0C91BC942}") = "ALL_BUILD", "ALL_BUILD.vcxproj", "{BDED4302-6AA8-320D-85BB-42E58969BFA0}"
	ProjectSection(ProjectDependencies) = postProject
		{1EA2573C-199D-3E0E-BD67-CDA411D0BD89} = {1EA2573C-199D-3E0E-BD67-CDA411D0BD89}
		{1DE1B2BB-C349-3090-B617-0A83E4E843ED} = {1DE1B2BB-C349-3090-B617-0A83E4E843ED}
		{6EACCA16-EB1C-397C-991C-E4D36A4AF00E} = {6EACCA16-EB1C-397C-991C-E4D36A4AF00E}
		{67B7F4C0-F0F3-3A0D-AD8D-49D332F3A57A} = {67B7F4C0-F0F3-3A0D-AD8D-49D332F3A57A}
		{1FC658BA-BE47-3A7E-990D-A3118BE102F8} = {1FC658BA-BE47-3A7E-990D-A3118BE102F8}
		{64333717-6964-3DA7-AEF4-3B0C73712A5B} = {64333717-6964-3DA7-AEF4-3B0C73712A5B}
		{EC007014-F8CE-35D4-8737-32E2B6F83192} = {EC007014-F8CE-35D4-8737-32E2B6F83192}
		{B2461738-9183-3D3B-AAC0-A2EEAD40D0E0} = {B2461738-9183-3D3B-AAC0-A2EEAD40D0E0}
		{4DED582C-63D1-355A-8231-347779894CEF} = {4DED582C-63D1-355A-8231-347779894CEF}
		{9B9AC440-1AFB-359F-B903-0965348C54F5} = {9B9AC440-1AFB-359F-B903-0965348C54F5}
		{B1F6B5F7-6DDB-37EF-A191-4CFD7B5AA44D} = {B1F6B5F7-6DDB-37EF-A191-4CFD7B5AA44D}
		{FBADDDA7-DAB4-39B5-A0AA-E2923851582F} = {FBADDDA7-DAB4-39B5-A0AA-E2923851582F}
		{7FB6B5C8-0DEA-3EB3-A8FD-D76EF9753EC7} = {7FB6B5C8-0DEA-3EB3-A8FD-D76EF9753EC7}
		{CBC03E18-5585-3150-851A-6BF347DA1769} = {CBC03E18-5585-3150-851A-6BF347DA1769}
		{03CE5648-D799-3DFF-BEAF-D5C3E0BD8691} = {03CE5648-D799-3DFF-BEAF-D5C3E0BD8691}
		{B29BC4A1-7F31-3342-BE80-A8D6245CFB3B} = {B29BC4A1-7F31-3342-BE80-A8D6245CFB3B}
		{9DBC3787-D03C-3F3E-BB4F-AA8976AB77E7} = {9DBC3787-D03C-3F3E-BB4F-AA8976AB77E7}
		{AC21A53E-5B2F-39E8-97E4-96D4729FFF74} = {AC21A53E-5B2F-39E8-97E4-96D4729FFF74}
		{62E933F0-A253-3350-9E50-54C2A5AEB137} = {62E933F0-A253-3350-9E50-54C2A5AEB137}
		{5FDDCC17-A71A-395C-9299-70F61E70C1D8} = {5FDDCC17-A71A-395C-9299-70F61E70C1D8}
		{494C289E-E686-336C-A515-BF4ED40FB0A0} = {494C289E-E686-336C-A515-BF4ED40FB0A0}
		{EEC0254D-7F59-30C7-B7D4-8AC2A813F105} = {EEC0254D-7F59-30C7-B7D4-8AC2A813F105}
		{5AAAC1E4-472E-3135-B93E-BD6DAC600D2B} = {5AAAC1E4-472E-3135-B93E-BD6DAC600D2B}
		{39679A1F-EC58-327F-82F4-68AAF091730B} = {39679A1F-EC58-327F-82F4-68AAF091730B}
		{7424259E-F0F1-3173-A492-E44922E6503D} = {7424259E-F0F1-3173-A492-E44922E6503D}
		{59624E6C-0970-39F0-85A1-F9436B71F20D} = {59624E6C-0970-39F0-85A1-F9436B71F20D}
	EndProjectSection
EndProject
Project("{8BC9CEB8-8B4A-11D0-8D11-00A0C91BC942}") = "Continuous", "_deps\directxtk-build\Continuous.vcxproj", "{3B4EDE19-BD35-35DD-84FB-101B2464BC20}"
	ProjectSection(ProjectDependencies) = postProject
		{1FC658BA-BE47-3A7E-990D-A3118BE102F8} = {1FC658BA-BE47-3A7E-990D-A3118BE102F8}
	EndProjectSection
EndProject
Project("{8BC9CEB8-8B4A-11D0-8D11-00A0C91BC942}") = "DirectXTK", "_deps\directxtk-build\DirectXTK.vcxproj", "{1EA2573C-199D-3E0E-BD67-CDA411D0BD89}"
	ProjectSection(ProjectDependencies) = postProject
		{1FC658BA-BE47-3A7E-990D-A3118BE102F8} = {1FC658BA-BE47-3A7E-990D-A3118BE102F8}
	EndProjectSection
EndProject
Project("{8BC9CEB8-8B4A-11D0-8D11-00A0C91BC942}") = "DirectXTK12", "_deps\directxtk12-build\DirectXTK12.vcxproj", "{1DE1B2BB-C349-3090-B617-0A83E4E843ED}"
	ProjectSection(ProjectDependencies) = postProject
		{1FC658BA-BE47-3A7E-990D-A3118BE102F8} = {1FC658BA-BE47-3A7E-990D-A3118BE102F8}
	EndProjectSection
EndProject
Project("{8BC9CEB8-8B4A-11D0-8D11-00A0C91BC942}") = "Experimental", "_deps\directxtk-build\Experimental.vcxproj", "{F4DD5AB2-EA98-367A-A44D-AC2704750D52}"
	ProjectSection(ProjectDependencies) = postProject
		{1FC658BA-BE47-3A7E-990D-A3118BE102F8} = {1FC658BA-BE47-3A7E-990D-A3118BE102F8}
	EndProjectSection
EndProject
Project("{8BC9CEB8-8B4A-11D0-8D11-00A0C91BC942}") = "INSTALL", "INSTALL.vcxproj", "{B3D326CD-FD2D-37DD-9250-49F273A85F69}"
	ProjectSection(ProjectDependencies) = postProject
		{BDED4302-6AA8-320D-85BB-42E58969BFA0} = {BDED4302-6AA8-320D-85BB-42E58969BFA0}
		{1FC658BA-BE47-3A7E-990D-A3118BE102F8} = {1FC658BA-BE47-3A7E-990D-A3118BE102F8}
	EndProjectSection
EndProject
Project("{8BC9CEB8-8B4A-11D0-8D11-00A0C91BC942}") = "LuaVR", "LuaVR.vcxproj", "{6EACCA16-EB1C-397C-991C-E4D36A4AF00E}"
	ProjectSection(ProjectDependencies) = postProject
		{1FC658BA-BE47-3A7E-990D-A3118BE102F8} = {1FC658BA-BE47-3A7E-990D-A3118BE102F8}
		{7423ABE1-16E3-3090-8CC1-2909FD98C2B1} = {7423ABE1-16E3-3090-8CC1-2909FD98C2B1}
		{64333717-6964-3DA7-AEF4-3B0C73712A5B} = {64333717-6964-3DA7-AEF4-3B0C73712A5B}
		{EC007014-F8CE-35D4-8737-32E2B6F83192} = {EC007014-F8CE-35D4-8737-32E2B6F83192}
		{B2461738-9183-3D3B-AAC0-A2EEAD40D0E0} = {B2461738-9183-3D3B-AAC0-A2EEAD40D0E0}
		{4DED582C-63D1-355A-8231-347779894CEF} = {4DED582C-63D1-355A-8231-347779894CEF}
		{B1F6B5F7-6DDB-37EF-A191-4CFD7B5AA44D} = {B1F6B5F7-6DDB-37EF-A191-4CFD7B5AA44D}
		{7FB6B5C8-0DEA-3EB3-A8FD-D76EF9753EC7} = {7FB6B5C8-0DEA-3EB3-A8FD-D76EF9753EC7}
		{03CE5648-D799-3DFF-BEAF-D5C3E0BD8691} = {03CE5648-D799-3DFF-BEAF-D5C3E0BD8691}
		{B29BC4A1-7F31-3342-BE80-A8D6245CFB3B} = {B29BC4A1-7F31-3342-BE80-A8D6245CFB3B}
		{5FDDCC17-A71A-395C-9299-70F61E70C1D8} = {5FDDCC17-A71A-395C-9299-70F61E70C1D8}
		{5AAAC1E4-472E-3135-B93E-BD6DAC600D2B} = {5AAAC1E4-472E-3135-B93E-BD6DAC600D2B}
	EndProjectSection
EndProject
Project("{8BC9CEB8-8B4A-11D0-8D11-00A0C91BC942}") = "Nightly", "_deps\directxtk-build\Nightly.vcxproj", "{1508BF24-5D75-35BC-B730-760AE79C2D36}"
	ProjectSection(ProjectDependencies) = postProject
		{1FC658BA-BE47-3A7E-990D-A3118BE102F8} = {1FC658BA-BE47-3A7E-990D-A3118BE102F8}
	EndProjectSection
EndProject
Project("{8BC9CEB8-8B4A-11D0-8D11-00A0C91BC942}") = "NightlyMemoryCheck", "_deps\directxtk-build\NightlyMemoryCheck.vcxproj", "{8B2CC996-AD11-3144-9739-BE99C8F65C27}"
	ProjectSection(ProjectDependencies) = postProject
		{1FC658BA-BE47-3A7E-990D-A3118BE102F8} = {1FC658BA-BE47-3A7E-990D-A3118BE102F8}
	EndProjectSection
EndProject
Project("{8BC9CEB8-8B4A-11D0-8D11-00A0C91BC942}") = "TracyClient", "_deps\tracy-build\TracyClient.vcxproj", "{67B7F4C0-F0F3-3A0D-AD8D-49D332F3A57A}"
	ProjectSection(ProjectDependencies) = postProject
		{1FC658BA-BE47-3A7E-990D-A3118BE102F8} = {1FC658BA-BE47-3A7E-990D-A3118BE102F8}
	EndProjectSection
EndProject
Project("{8BC9CEB8-8B4A-11D0-8D11-00A0C91BC942}") = "ZERO_CHECK", "ZERO_CHECK.vcxproj", "{1FC658BA-BE47-3A7E-990D-A3118BE102F8}"
	ProjectSection(ProjectDependencies) = postProject
	EndProjectSection
EndProject
Project("{8BC9CEB8-8B4A-11D0-8D11-00A0C91BC942}") = "Zycore", "_deps\zydis-build\zycore\Zycore.vcxproj", "{7423ABE1-16E3-3090-8CC1-2909FD98C2B1}"
	ProjectSection(ProjectDependencies) = postProject
		{1FC658BA-BE47-3A7E-990D-A3118BE102F8} = {1FC658BA-BE47-3A7E-990D-A3118BE102F8}
	EndProjectSection
EndProject
Project("{8BC9CEB8-8B4A-11D0-8D11-00A0C91BC942}") = "Zydis", "_deps\zydis-build\Zydis.vcxproj", "{64333717-6964-3DA7-AEF4-3B0C73712A5B}"
	ProjectSection(ProjectDependencies) = postProject
		{1FC658BA-BE47-3A7E-990D-A3118BE102F8} = {1FC658BA-BE47-3A7E-990D-A3118BE102F8}
		{7423ABE1-16E3-3090-8CC1-2909FD98C2B1} = {7423ABE1-16E3-3090-8CC1-2909FD98C2B1}
	EndProjectSection
EndProject
Project("{8BC9CEB8-8B4A-11D0-8D11-00A0C91BC942}") = "asmjit", "_deps\asmjit-build\asmjit.vcxproj", "{EC007014-F8CE-35D4-8737-32E2B6F83192}"
	ProjectSection(ProjectDependencies) = postProject
		{1FC658BA-BE47-3A7E-990D-A3118BE102F8} = {1FC658BA-BE47-3A7E-990D-A3118BE102F8}
	EndProjectSection
EndProject
Project("{8BC9CEB8-8B4A-11D0-8D11-00A0C91BC942}") = "bddisasm", "_deps\bddisasm-build\bddisasm.vcxproj", "{B2461738-9183-3D3B-AAC0-A2EEAD40D0E0}"
	ProjectSection(ProjectDependencies) = postProject
		{1FC658BA-BE47-3A7E-990D-A3118BE102F8} = {1FC658BA-BE47-3A7E-990D-A3118BE102F8}
	EndProjectSection
EndProject
Project("{8BC9CEB8-8B4A-11D0-8D11-00A0C91BC942}") = "bdshemu", "_deps\bddisasm-build\bdshemu.vcxproj", "{4DED582C-63D1-355A-8231-347779894CEF}"
	ProjectSection(ProjectDependencies) = postProject
		{1FC658BA-BE47-3A7E-990D-A3118BE102F8} = {1FC658BA-BE47-3A7E-990D-A3118BE102F8}
		{B2461738-9183-3D3B-AAC0-A2EEAD40D0E0} = {B2461738-9183-3D3B-AAC0-A2EEAD40D0E0}
	EndProjectSection
EndProject
Project("{8BC9CEB8-8B4A-11D0-8D11-00A0C91BC942}") = "example_plugin", "example_plugin.vcxproj", "{9B9AC440-1AFB-359F-B903-0965348C54F5}"
	ProjectSection(ProjectDependencies) = postProject
		{1FC658BA-BE47-3A7E-990D-A3118BE102F8} = {1FC658BA-BE47-3A7E-990D-A3118BE102F8}
		{FBADDDA7-DAB4-39B5-A0AA-E2923851582F} = {FBADDDA7-DAB4-39B5-A0AA-E2923851582F}
		{62E933F0-A253-3350-9E50-54C2A5AEB137} = {62E933F0-A253-3350-9E50-54C2A5AEB137}
	EndProjectSection
EndProject
Project("{8BC9CEB8-8B4A-11D0-8D11-00A0C91BC942}") = "generate_openxr_header", "_deps\openxr-build\include\openxr\generate_openxr_header.vcxproj", "{1BBA3333-8246-31BA-8F92-1AAD2D01940A}"
	ProjectSection(ProjectDependencies) = postProject
		{1FC658BA-BE47-3A7E-990D-A3118BE102F8} = {1FC658BA-BE47-3A7E-990D-A3118BE102F8}
	EndProjectSection
EndProject
Project("{8BC9CEB8-8B4A-11D0-8D11-00A0C91BC942}") = "glm", "glm.vcxproj", "{B1F6B5F7-6DDB-37EF-A191-4CFD7B5AA44D}"
	ProjectSection(ProjectDependencies) = postProject
		{1FC658BA-BE47-3A7E-990D-A3118BE102F8} = {1FC658BA-BE47-3A7E-990D-A3118BE102F8}
	EndProjectSection
EndProject
Project("{8BC9CEB8-8B4A-11D0-8D11-00A0C91BC942}") = "imgui", "imgui.vcxproj", "{FBADDDA7-DAB4-39B5-A0AA-E2923851582F}"
	ProjectSection(ProjectDependencies) = postProject
		{1FC658BA-BE47-3A7E-990D-A3118BE102F8} = {1FC658BA-BE47-3A7E-990D-A3118BE102F8}
	EndProjectSection
EndProject
Project("{8BC9CEB8-8B4A-11D0-8D11-00A0C91BC942}") = "kananlib", "_deps\kananlib-build\kananlib.vcxproj", "{7FB6B5C8-0DEA-3EB3-A8FD-D76EF9753EC7}"
	ProjectSection(ProjectDependencies) = postProject
		{1FC658BA-BE47-3A7E-990D-A3118BE102F8} = {1FC658BA-BE47-3A7E-990D-A3118BE102F8}
		{B2461738-9183-3D3B-AAC0-A2EEAD40D0E0} = {B2461738-9183-3D3B-AAC0-A2EEAD40D0E0}
		{4DED582C-63D1-355A-8231-347779894CEF} = {4DED582C-63D1-355A-8231-347779894CEF}
		{5AAAC1E4-472E-3135-B93E-BD6DAC600D2B} = {5AAAC1E4-472E-3135-B93E-BD6DAC600D2B}
	EndProjectSection
EndProject
Project("{8BC9CEB8-8B4A-11D0-8D11-00A0C91BC942}") = "kananlib-nolog", "_deps\kananlib-build\kananlib-nolog.vcxproj", "{CBC03E18-5585-3150-851A-6BF347DA1769}"
	ProjectSection(ProjectDependencies) = postProject
		{1FC658BA-BE47-3A7E-990D-A3118BE102F8} = {1FC658BA-BE47-3A7E-990D-A3118BE102F8}
		{B2461738-9183-3D3B-AAC0-A2EEAD40D0E0} = {B2461738-9183-3D3B-AAC0-A2EEAD40D0E0}
		{4DED582C-63D1-355A-8231-347779894CEF} = {4DED582C-63D1-355A-8231-347779894CEF}
		{5AAAC1E4-472E-3135-B93E-BD6DAC600D2B} = {5AAAC1E4-472E-3135-B93E-BD6DAC600D2B}
	EndProjectSection
EndProject
Project("{8BC9CEB8-8B4A-11D0-8D11-00A0C91BC942}") = "lua", "lua.vcxproj", "{03CE5648-D799-3DFF-BEAF-D5C3E0BD8691}"
	ProjectSection(ProjectDependencies) = postProject
		{1FC658BA-BE47-3A7E-990D-A3118BE102F8} = {1FC658BA-BE47-3A7E-990D-A3118BE102F8}
	EndProjectSection
EndProject
Project("{8BC9CEB8-8B4A-11D0-8D11-00A0C91BC942}") = "luavrlib", "luavrlib.vcxproj", "{B29BC4A1-7F31-3342-BE80-A8D6245CFB3B}"
	ProjectSection(ProjectDependencies) = postProject
		{1FC658BA-BE47-3A7E-990D-A3118BE102F8} = {1FC658BA-BE47-3A7E-990D-A3118BE102F8}
		{7423ABE1-16E3-3090-8CC1-2909FD98C2B1} = {7423ABE1-16E3-3090-8CC1-2909FD98C2B1}
		{64333717-6964-3DA7-AEF4-3B0C73712A5B} = {64333717-6964-3DA7-AEF4-3B0C73712A5B}
		{EC007014-F8CE-35D4-8737-32E2B6F83192} = {EC007014-F8CE-35D4-8737-32E2B6F83192}
		{B2461738-9183-3D3B-AAC0-A2EEAD40D0E0} = {B2461738-9183-3D3B-AAC0-A2EEAD40D0E0}
		{4DED582C-63D1-355A-8231-347779894CEF} = {4DED582C-63D1-355A-8231-347779894CEF}
		{B1F6B5F7-6DDB-37EF-A191-4CFD7B5AA44D} = {B1F6B5F7-6DDB-37EF-A191-4CFD7B5AA44D}
		{7FB6B5C8-0DEA-3EB3-A8FD-D76EF9753EC7} = {7FB6B5C8-0DEA-3EB3-A8FD-D76EF9753EC7}
		{03CE5648-D799-3DFF-BEAF-D5C3E0BD8691} = {03CE5648-D799-3DFF-BEAF-D5C3E0BD8691}
		{5FDDCC17-A71A-395C-9299-70F61E70C1D8} = {5FDDCC17-A71A-395C-9299-70F61E70C1D8}
		{5AAAC1E4-472E-3135-B93E-BD6DAC600D2B} = {5AAAC1E4-472E-3135-B93E-BD6DAC600D2B}
	EndProjectSection
EndProject
Project("{8BC9CEB8-8B4A-11D0-8D11-00A0C91BC942}") = "openvr", "openvr.vcxproj", "{9DBC3787-D03C-3F3E-BB4F-AA8976AB77E7}"
	ProjectSection(ProjectDependencies) = postProject
		{1FC658BA-BE47-3A7E-990D-A3118BE102F8} = {1FC658BA-BE47-3A7E-990D-A3118BE102F8}
	EndProjectSection
EndProject
Project("{8BC9CEB8-8B4A-11D0-8D11-00A0C91BC942}") = "openxr_loader", "_deps\openxr-build\src\loader\openxr_loader.vcxproj", "{AC21A53E-5B2F-39E8-97E4-96D4729FFF74}"
	ProjectSection(ProjectDependencies) = postProject
		{1FC658BA-BE47-3A7E-990D-A3118BE102F8} = {1FC658BA-BE47-3A7E-990D-A3118BE102F8}
		{1BBA3333-8246-31BA-8F92-1AAD2D01940A} = {1BBA3333-8246-31BA-8F92-1AAD2D01940A}
		{B10F9BF2-C61A-3566-A8A6-37D2E6E12273} = {B10F9BF2-C61A-3566-A8A6-37D2E6E12273}
	EndProjectSection
EndProject
Project("{8BC9CEB8-8B4A-11D0-8D11-00A0C91BC942}") = "plugin_renderlib", "plugin_renderlib.vcxproj", "{62E933F0-A253-3350-9E50-54C2A5AEB137}"
	ProjectSection(ProjectDependencies) = postProject
		{1FC658BA-BE47-3A7E-990D-A3118BE102F8} = {1FC658BA-BE47-3A7E-990D-A3118BE102F8}
		{FBADDDA7-DAB4-39B5-A0AA-E2923851582F} = {FBADDDA7-DAB4-39B5-A0AA-E2923851582F}
	EndProjectSection
EndProject
Project("{8BC9CEB8-8B4A-11D0-8D11-00A0C91BC942}") = "safetyhook", "_deps\safetyhook-build\safetyhook.vcxproj", "{5FDDCC17-A71A-395C-9299-70F61E70C1D8}"
	ProjectSection(ProjectDependencies) = postProject
		{1FC658BA-BE47-3A7E-990D-A3118BE102F8} = {1FC658BA-BE47-3A7E-990D-A3118BE102F8}
		{7423ABE1-16E3-3090-8CC1-2909FD98C2B1} = {7423ABE1-16E3-3090-8CC1-2909FD98C2B1}
		{64333717-6964-3DA7-AEF4-3B0C73712A5B} = {64333717-6964-3DA7-AEF4-3B0C73712A5B}
	EndProjectSection
EndProject
Project("{8BC9CEB8-8B4A-11D0-8D11-00A0C91BC942}") = "sdk-test", "sdk-test.vcxproj", "{494C289E-E686-336C-A515-BF4ED40FB0A0}"
	ProjectSection(ProjectDependencies) = postProject
		{67B7F4C0-F0F3-3A0D-AD8D-49D332F3A57A} = {67B7F4C0-F0F3-3A0D-AD8D-49D332F3A57A}
		{1FC658BA-BE47-3A7E-990D-A3118BE102F8} = {1FC658BA-BE47-3A7E-990D-A3118BE102F8}
		{B2461738-9183-3D3B-AAC0-A2EEAD40D0E0} = {B2461738-9183-3D3B-AAC0-A2EEAD40D0E0}
		{4DED582C-63D1-355A-8231-347779894CEF} = {4DED582C-63D1-355A-8231-347779894CEF}
		{B1F6B5F7-6DDB-37EF-A191-4CFD7B5AA44D} = {B1F6B5F7-6DDB-37EF-A191-4CFD7B5AA44D}
		{7FB6B5C8-0DEA-3EB3-A8FD-D76EF9753EC7} = {7FB6B5C8-0DEA-3EB3-A8FD-D76EF9753EC7}
		{5AAAC1E4-472E-3135-B93E-BD6DAC600D2B} = {5AAAC1E4-472E-3135-B93E-BD6DAC600D2B}
		{39679A1F-EC58-327F-82F4-68AAF091730B} = {39679A1F-EC58-327F-82F4-68AAF091730B}
	EndProjectSection
EndProject
Project("{8BC9CEB8-8B4A-11D0-8D11-00A0C91BC942}") = "sdkgenny", "_deps\sdkgenny-build\sdkgenny.vcxproj", "{EEC0254D-7F59-30C7-B7D4-8AC2A813F105}"
	ProjectSection(ProjectDependencies) = postProject
		{1FC658BA-BE47-3A7E-990D-A3118BE102F8} = {1FC658BA-BE47-3A7E-990D-A3118BE102F8}
	EndProjectSection
EndProject
Project("{8BC9CEB8-8B4A-11D0-8D11-00A0C91BC942}") = "spdlog", "spdlog.vcxproj", "{5AAAC1E4-472E-3135-B93E-BD6DAC600D2B}"
	ProjectSection(ProjectDependencies) = postProject
		{1FC658BA-BE47-3A7E-990D-A3118BE102F8} = {1FC658BA-BE47-3A7E-990D-A3118BE102F8}
	EndProjectSection
EndProject
Project("{8BC9CEB8-8B4A-11D0-8D11-00A0C91BC942}") = "uesdk", "dependencies\submodules\UESDK\uesdk.vcxproj", "{39679A1F-EC58-327F-82F4-68AAF091730B}"
	ProjectSection(ProjectDependencies) = postProject
		{67B7F4C0-F0F3-3A0D-AD8D-49D332F3A57A} = {67B7F4C0-F0F3-3A0D-AD8D-49D332F3A57A}
		{1FC658BA-BE47-3A7E-990D-A3118BE102F8} = {1FC658BA-BE47-3A7E-990D-A3118BE102F8}
		{B2461738-9183-3D3B-AAC0-A2EEAD40D0E0} = {B2461738-9183-3D3B-AAC0-A2EEAD40D0E0}
		{4DED582C-63D1-355A-8231-347779894CEF} = {4DED582C-63D1-355A-8231-347779894CEF}
		{B1F6B5F7-6DDB-37EF-A191-4CFD7B5AA44D} = {B1F6B5F7-6DDB-37EF-A191-4CFD7B5AA44D}
		{7FB6B5C8-0DEA-3EB3-A8FD-D76EF9753EC7} = {7FB6B5C8-0DEA-3EB3-A8FD-D76EF9753EC7}
		{5AAAC1E4-472E-3135-B93E-BD6DAC600D2B} = {5AAAC1E4-472E-3135-B93E-BD6DAC600D2B}
	EndProjectSection
EndProject
Project("{8BC9CEB8-8B4A-11D0-8D11-00A0C91BC942}") = "uevr", "uevr.vcxproj", "{7424259E-F0F1-3173-A492-E44922E6503D}"
	ProjectSection(ProjectDependencies) = postProject
		{1EA2573C-199D-3E0E-BD67-CDA411D0BD89} = {1EA2573C-199D-3E0E-BD67-CDA411D0BD89}
		{1DE1B2BB-C349-3090-B617-0A83E4E843ED} = {1DE1B2BB-C349-3090-B617-0A83E4E843ED}
		{67B7F4C0-F0F3-3A0D-AD8D-49D332F3A57A} = {67B7F4C0-F0F3-3A0D-AD8D-49D332F3A57A}
		{1FC658BA-BE47-3A7E-990D-A3118BE102F8} = {1FC658BA-BE47-3A7E-990D-A3118BE102F8}
		{7423ABE1-16E3-3090-8CC1-2909FD98C2B1} = {7423ABE1-16E3-3090-8CC1-2909FD98C2B1}
		{64333717-6964-3DA7-AEF4-3B0C73712A5B} = {64333717-6964-3DA7-AEF4-3B0C73712A5B}
		{EC007014-F8CE-35D4-8737-32E2B6F83192} = {EC007014-F8CE-35D4-8737-32E2B6F83192}
		{B2461738-9183-3D3B-AAC0-A2EEAD40D0E0} = {B2461738-9183-3D3B-AAC0-A2EEAD40D0E0}
		{4DED582C-63D1-355A-8231-347779894CEF} = {4DED582C-63D1-355A-8231-347779894CEF}
		{B1F6B5F7-6DDB-37EF-A191-4CFD7B5AA44D} = {B1F6B5F7-6DDB-37EF-A191-4CFD7B5AA44D}
		{FBADDDA7-DAB4-39B5-A0AA-E2923851582F} = {FBADDDA7-DAB4-39B5-A0AA-E2923851582F}
		{7FB6B5C8-0DEA-3EB3-A8FD-D76EF9753EC7} = {7FB6B5C8-0DEA-3EB3-A8FD-D76EF9753EC7}
		{03CE5648-D799-3DFF-BEAF-D5C3E0BD8691} = {03CE5648-D799-3DFF-BEAF-D5C3E0BD8691}
		{B29BC4A1-7F31-3342-BE80-A8D6245CFB3B} = {B29BC4A1-7F31-3342-BE80-A8D6245CFB3B}
		{9DBC3787-D03C-3F3E-BB4F-AA8976AB77E7} = {9DBC3787-D03C-3F3E-BB4F-AA8976AB77E7}
		{AC21A53E-5B2F-39E8-97E4-96D4729FFF74} = {AC21A53E-5B2F-39E8-97E4-96D4729FFF74}
		{5FDDCC17-A71A-395C-9299-70F61E70C1D8} = {5FDDCC17-A71A-395C-9299-70F61E70C1D8}
		{EEC0254D-7F59-30C7-B7D4-8AC2A813F105} = {EEC0254D-7F59-30C7-B7D4-8AC2A813F105}
		{5AAAC1E4-472E-3135-B93E-BD6DAC600D2B} = {5AAAC1E4-472E-3135-B93E-BD6DAC600D2B}
		{39679A1F-EC58-327F-82F4-68AAF091730B} = {39679A1F-EC58-327F-82F4-68AAF091730B}
	EndProjectSection
EndProject
Project("{8BC9CEB8-8B4A-11D0-8D11-00A0C91BC942}") = "uninstall", "_deps\openxr-build\uninstall.vcxproj", "{C6D4D501-6063-31BB-B112-2317BA4FAE5E}"
	ProjectSection(ProjectDependencies) = postProject
		{1FC658BA-BE47-3A7E-990D-A3118BE102F8} = {1FC658BA-BE47-3A7E-990D-A3118BE102F8}
	EndProjectSection
EndProject
Project("{8BC9CEB8-8B4A-11D0-8D11-00A0C91BC942}") = "vr-plugin-nullifier", "vr-plugin-nullifier.vcxproj", "{59624E6C-0970-39F0-85A1-F9436B71F20D}"
	ProjectSection(ProjectDependencies) = postProject
		{1FC658BA-BE47-3A7E-990D-A3118BE102F8} = {1FC658BA-BE47-3A7E-990D-A3118BE102F8}
		{B2461738-9183-3D3B-AAC0-A2EEAD40D0E0} = {B2461738-9183-3D3B-AAC0-A2EEAD40D0E0}
		{4DED582C-63D1-355A-8231-347779894CEF} = {4DED582C-63D1-355A-8231-347779894CEF}
		{7FB6B5C8-0DEA-3EB3-A8FD-D76EF9753EC7} = {7FB6B5C8-0DEA-3EB3-A8FD-D76EF9753EC7}
		{5AAAC1E4-472E-3135-B93E-BD6DAC600D2B} = {5AAAC1E4-472E-3135-B93E-BD6DAC600D2B}
	EndProjectSection
EndProject
Project("{8BC9CEB8-8B4A-11D0-8D11-00A0C91BC942}") = "xr_global_generated_files", "_deps\openxr-build\src\xr_global_generated_files.vcxproj", "{B10F9BF2-C61A-3566-A8A6-37D2E6E12273}"
	ProjectSection(ProjectDependencies) = postProject
		{1FC658BA-BE47-3A7E-990D-A3118BE102F8} = {1FC658BA-BE47-3A7E-990D-A3118BE102F8}
	EndProjectSection
EndProject
Global
	GlobalSection(SolutionConfigurationPlatforms) = preSolution
		Debug|x64 = Debug|x64
		Release|x64 = Release|x64
		MinSizeRel|x64 = MinSizeRel|x64
		RelWithDebInfo|x64 = RelWithDebInfo|x64
	EndGlobalSection
	GlobalSection(ProjectConfigurationPlatforms) = postSolution
		{BDED4302-6AA8-320D-85BB-42E58969BFA0}.Debug|x64.ActiveCfg = Debug|x64
		{BDED4302-6AA8-320D-85BB-42E58969BFA0}.Debug|x64.Build.0 = Debug|x64
		{BDED4302-6AA8-320D-85BB-42E58969BFA0}.Release|x64.ActiveCfg = Release|x64
		{BDED4302-6AA8-320D-85BB-42E58969BFA0}.Release|x64.Build.0 = Release|x64
		{BDED4302-6AA8-320D-85BB-42E58969BFA0}.MinSizeRel|x64.ActiveCfg = MinSizeRel|x64
		{BDED4302-6AA8-320D-85BB-42E58969BFA0}.MinSizeRel|x64.Build.0 = MinSizeRel|x64
		{BDED4302-6AA8-320D-85BB-42E58969BFA0}.RelWithDebInfo|x64.ActiveCfg = RelWithDebInfo|x64
		{BDED4302-6AA8-320D-85BB-42E58969BFA0}.RelWithDebInfo|x64.Build.0 = RelWithDebInfo|x64
		{3B4EDE19-BD35-35DD-84FB-101B2464BC20}.Debug|x64.ActiveCfg = Debug|x64
		{3B4EDE19-BD35-35DD-84FB-101B2464BC20}.Release|x64.ActiveCfg = Release|x64
		{3B4EDE19-BD35-35DD-84FB-101B2464BC20}.MinSizeRel|x64.ActiveCfg = MinSizeRel|x64
		{3B4EDE19-BD35-35DD-84FB-101B2464BC20}.RelWithDebInfo|x64.ActiveCfg = RelWithDebInfo|x64
		{1EA2573C-199D-3E0E-BD67-CDA411D0BD89}.Debug|x64.ActiveCfg = Debug|x64
		{1EA2573C-199D-3E0E-BD67-CDA411D0BD89}.Debug|x64.Build.0 = Debug|x64
		{1EA2573C-199D-3E0E-BD67-CDA411D0BD89}.Release|x64.ActiveCfg = Release|x64
		{1EA2573C-199D-3E0E-BD67-CDA411D0BD89}.Release|x64.Build.0 = Release|x64
		{1EA2573C-199D-3E0E-BD67-CDA411D0BD89}.MinSizeRel|x64.ActiveCfg = MinSizeRel|x64
		{1EA2573C-199D-3E0E-BD67-CDA411D0BD89}.MinSizeRel|x64.Build.0 = MinSizeRel|x64
		{1EA2573C-199D-3E0E-BD67-CDA411D0BD89}.RelWithDebInfo|x64.ActiveCfg = RelWithDebInfo|x64
		{1EA2573C-199D-3E0E-BD67-CDA411D0BD89}.RelWithDebInfo|x64.Build.0 = RelWithDebInfo|x64
		{1DE1B2BB-C349-3090-B617-0A83E4E843ED}.Debug|x64.ActiveCfg = Debug|x64
		{1DE1B2BB-C349-3090-B617-0A83E4E843ED}.Debug|x64.Build.0 = Debug|x64
		{1DE1B2BB-C349-3090-B617-0A83E4E843ED}.Release|x64.ActiveCfg = Release|x64
		{1DE1B2BB-C349-3090-B617-0A83E4E843ED}.Release|x64.Build.0 = Release|x64
		{1DE1B2BB-C349-3090-B617-0A83E4E843ED}.MinSizeRel|x64.ActiveCfg = MinSizeRel|x64
		{1DE1B2BB-C349-3090-B617-0A83E4E843ED}.MinSizeRel|x64.Build.0 = MinSizeRel|x64
		{1DE1B2BB-C349-3090-B617-0A83E4E843ED}.RelWithDebInfo|x64.ActiveCfg = RelWithDebInfo|x64
		{1DE1B2BB-C349-3090-B617-0A83E4E843ED}.RelWithDebInfo|x64.Build.0 = RelWithDebInfo|x64
		{F4DD5AB2-EA98-367A-A44D-AC2704750D52}.Debug|x64.ActiveCfg = Debug|x64
		{F4DD5AB2-EA98-367A-A44D-AC2704750D52}.Release|x64.ActiveCfg = Release|x64
		{F4DD5AB2-EA98-367A-A44D-AC2704750D52}.MinSizeRel|x64.ActiveCfg = MinSizeRel|x64
		{F4DD5AB2-EA98-367A-A44D-AC2704750D52}.RelWithDebInfo|x64.ActiveCfg = RelWithDebInfo|x64
		{B3D326CD-FD2D-37DD-9250-49F273A85F69}.Debug|x64.ActiveCfg = Debug|x64
		{B3D326CD-FD2D-37DD-9250-49F273A85F69}.Release|x64.ActiveCfg = Release|x64
		{B3D326CD-FD2D-37DD-9250-49F273A85F69}.MinSizeRel|x64.ActiveCfg = MinSizeRel|x64
		{B3D326CD-FD2D-37DD-9250-49F273A85F69}.RelWithDebInfo|x64.ActiveCfg = RelWithDebInfo|x64
		{6EACCA16-EB1C-397C-991C-E4D36A4AF00E}.Debug|x64.ActiveCfg = Debug|x64
		{6EACCA16-EB1C-397C-991C-E4D36A4AF00E}.Debug|x64.Build.0 = Debug|x64
		{6EACCA16-EB1C-397C-991C-E4D36A4AF00E}.Release|x64.ActiveCfg = Release|x64
		{6EACCA16-EB1C-397C-991C-E4D36A4AF00E}.Release|x64.Build.0 = Release|x64
		{6EACCA16-EB1C-397C-991C-E4D36A4AF00E}.MinSizeRel|x64.ActiveCfg = MinSizeRel|x64
		{6EACCA16-EB1C-397C-991C-E4D36A4AF00E}.MinSizeRel|x64.Build.0 = MinSizeRel|x64
		{6EACCA16-EB1C-397C-991C-E4D36A4AF00E}.RelWithDebInfo|x64.ActiveCfg = RelWithDebInfo|x64
		{6EACCA16-EB1C-397C-991C-E4D36A4AF00E}.RelWithDebInfo|x64.Build.0 = RelWithDebInfo|x64
		{1508BF24-5D75-35BC-B730-760AE79C2D36}.Debug|x64.ActiveCfg = Debug|x64
		{1508BF24-5D75-35BC-B730-760AE79C2D36}.Release|x64.ActiveCfg = Release|x64
		{1508BF24-5D75-35BC-B730-760AE79C2D36}.MinSizeRel|x64.ActiveCfg = MinSizeRel|x64
		{1508BF24-5D75-35BC-B730-760AE79C2D36}.RelWithDebInfo|x64.ActiveCfg = RelWithDebInfo|x64
		{8B2CC996-AD11-3144-9739-BE99C8F65C27}.Debug|x64.ActiveCfg = Debug|x64
		{8B2CC996-AD11-3144-9739-BE99C8F65C27}.Release|x64.ActiveCfg = Release|x64
		{8B2CC996-AD11-3144-9739-BE99C8F65C27}.MinSizeRel|x64.ActiveCfg = MinSizeRel|x64
		{8B2CC996-AD11-3144-9739-BE99C8F65C27}.RelWithDebInfo|x64.ActiveCfg = RelWithDebInfo|x64
		{67B7F4C0-F0F3-3A0D-AD8D-49D332F3A57A}.Debug|x64.ActiveCfg = Debug|x64
		{67B7F4C0-F0F3-3A0D-AD8D-49D332F3A57A}.Debug|x64.Build.0 = Debug|x64
		{67B7F4C0-F0F3-3A0D-AD8D-49D332F3A57A}.Release|x64.ActiveCfg = Release|x64
		{67B7F4C0-F0F3-3A0D-AD8D-49D332F3A57A}.Release|x64.Build.0 = Release|x64
		{67B7F4C0-F0F3-3A0D-AD8D-49D332F3A57A}.MinSizeRel|x64.ActiveCfg = MinSizeRel|x64
		{67B7F4C0-F0F3-3A0D-AD8D-49D332F3A57A}.MinSizeRel|x64.Build.0 = MinSizeRel|x64
		{67B7F4C0-F0F3-3A0D-AD8D-49D332F3A57A}.RelWithDebInfo|x64.ActiveCfg = RelWithDebInfo|x64
		{67B7F4C0-F0F3-3A0D-AD8D-49D332F3A57A}.RelWithDebInfo|x64.Build.0 = RelWithDebInfo|x64
		{1FC658BA-BE47-3A7E-990D-A3118BE102F8}.Debug|x64.ActiveCfg = Debug|x64
		{1FC658BA-BE47-3A7E-990D-A3118BE102F8}.Debug|x64.Build.0 = Debug|x64
		{1FC658BA-BE47-3A7E-990D-A3118BE102F8}.Release|x64.ActiveCfg = Release|x64
		{1FC658BA-BE47-3A7E-990D-A3118BE102F8}.Release|x64.Build.0 = Release|x64
		{1FC658BA-BE47-3A7E-990D-A3118BE102F8}.MinSizeRel|x64.ActiveCfg = MinSizeRel|x64
		{1FC658BA-BE47-3A7E-990D-A3118BE102F8}.MinSizeRel|x64.Build.0 = MinSizeRel|x64
		{1FC658BA-BE47-3A7E-990D-A3118BE102F8}.RelWithDebInfo|x64.ActiveCfg = RelWithDebInfo|x64
		{1FC658BA-BE47-3A7E-990D-A3118BE102F8}.RelWithDebInfo|x64.Build.0 = RelWithDebInfo|x64
		{7423ABE1-16E3-3090-8CC1-2909FD98C2B1}.Debug|x64.ActiveCfg = Debug|x64
		{7423ABE1-16E3-3090-8CC1-2909FD98C2B1}.Debug|x64.Build.0 = Debug|x64
		{7423ABE1-16E3-3090-8CC1-2909FD98C2B1}.Release|x64.ActiveCfg = Release|x64
		{7423ABE1-16E3-3090-8CC1-2909FD98C2B1}.Release|x64.Build.0 = Release|x64
		{7423ABE1-16E3-3090-8CC1-2909FD98C2B1}.MinSizeRel|x64.ActiveCfg = MinSizeRel|x64
		{7423ABE1-16E3-3090-8CC1-2909FD98C2B1}.MinSizeRel|x64.Build.0 = MinSizeRel|x64
		{7423ABE1-16E3-3090-8CC1-2909FD98C2B1}.RelWithDebInfo|x64.ActiveCfg = RelWithDebInfo|x64
		{7423ABE1-16E3-3090-8CC1-2909FD98C2B1}.RelWithDebInfo|x64.Build.0 = RelWithDebInfo|x64
		{64333717-6964-3DA7-AEF4-3B0C73712A5B}.Debug|x64.ActiveCfg = Debug|x64
		{64333717-6964-3DA7-AEF4-3B0C73712A5B}.Debug|x64.Build.0 = Debug|x64
		{64333717-6964-3DA7-AEF4-3B0C73712A5B}.Release|x64.ActiveCfg = Release|x64
		{64333717-6964-3DA7-AEF4-3B0C73712A5B}.Release|x64.Build.0 = Release|x64
		{64333717-6964-3DA7-AEF4-3B0C73712A5B}.MinSizeRel|x64.ActiveCfg = MinSizeRel|x64
		{64333717-6964-3DA7-AEF4-3B0C73712A5B}.MinSizeRel|x64.Build.0 = MinSizeRel|x64
		{64333717-6964-3DA7-AEF4-3B0C73712A5B}.RelWithDebInfo|x64.ActiveCfg = RelWithDebInfo|x64
		{64333717-6964-3DA7-AEF4-3B0C73712A5B}.RelWithDebInfo|x64.Build.0 = RelWithDebInfo|x64
		{EC007014-F8CE-35D4-8737-32E2B6F83192}.Debug|x64.ActiveCfg = Debug|x64
		{EC007014-F8CE-35D4-8737-32E2B6F83192}.Debug|x64.Build.0 = Debug|x64
		{EC007014-F8CE-35D4-8737-32E2B6F83192}.Release|x64.ActiveCfg = Release|x64
		{EC007014-F8CE-35D4-8737-32E2B6F83192}.Release|x64.Build.0 = Release|x64
		{EC007014-F8CE-35D4-8737-32E2B6F83192}.MinSizeRel|x64.ActiveCfg = MinSizeRel|x64
		{EC007014-F8CE-35D4-8737-32E2B6F83192}.MinSizeRel|x64.Build.0 = MinSizeRel|x64
		{EC007014-F8CE-35D4-8737-32E2B6F83192}.RelWithDebInfo|x64.ActiveCfg = RelWithDebInfo|x64
		{EC007014-F8CE-35D4-8737-32E2B6F83192}.RelWithDebInfo|x64.Build.0 = RelWithDebInfo|x64
		{B2461738-9183-3D3B-AAC0-A2EEAD40D0E0}.Debug|x64.ActiveCfg = Debug|x64
		{B2461738-9183-3D3B-AAC0-A2EEAD40D0E0}.Debug|x64.Build.0 = Debug|x64
		{B2461738-9183-3D3B-AAC0-A2EEAD40D0E0}.Release|x64.ActiveCfg = Release|x64
		{B2461738-9183-3D3B-AAC0-A2EEAD40D0E0}.Release|x64.Build.0 = Release|x64
		{B2461738-9183-3D3B-AAC0-A2EEAD40D0E0}.MinSizeRel|x64.ActiveCfg = MinSizeRel|x64
		{B2461738-9183-3D3B-AAC0-A2EEAD40D0E0}.MinSizeRel|x64.Build.0 = MinSizeRel|x64
		{B2461738-9183-3D3B-AAC0-A2EEAD40D0E0}.RelWithDebInfo|x64.ActiveCfg = RelWithDebInfo|x64
		{B2461738-9183-3D3B-AAC0-A2EEAD40D0E0}.RelWithDebInfo|x64.Build.0 = RelWithDebInfo|x64
		{4DED582C-63D1-355A-8231-347779894CEF}.Debug|x64.ActiveCfg = Debug|x64
		{4DED582C-63D1-355A-8231-347779894CEF}.Debug|x64.Build.0 = Debug|x64
		{4DED582C-63D1-355A-8231-347779894CEF}.Release|x64.ActiveCfg = Release|x64
		{4DED582C-63D1-355A-8231-347779894CEF}.Release|x64.Build.0 = Release|x64
		{4DED582C-63D1-355A-8231-347779894CEF}.MinSizeRel|x64.ActiveCfg = MinSizeRel|x64
		{4DED582C-63D1-355A-8231-347779894CEF}.MinSizeRel|x64.Build.0 = MinSizeRel|x64
		{4DED582C-63D1-355A-8231-347779894CEF}.RelWithDebInfo|x64.ActiveCfg = RelWithDebInfo|x64
		{4DED582C-63D1-355A-8231-347779894CEF}.RelWithDebInfo|x64.Build.0 = RelWithDebInfo|x64
		{9B9AC440-1AFB-359F-B903-0965348C54F5}.Debug|x64.ActiveCfg = Debug|x64
		{9B9AC440-1AFB-359F-B903-0965348C54F5}.Debug|x64.Build.0 = Debug|x64
		{9B9AC440-1AFB-359F-B903-0965348C54F5}.Release|x64.ActiveCfg = Release|x64
		{9B9AC440-1AFB-359F-B903-0965348C54F5}.Release|x64.Build.0 = Release|x64
		{9B9AC440-1AFB-359F-B903-0965348C54F5}.MinSizeRel|x64.ActiveCfg = MinSizeRel|x64
		{9B9AC440-1AFB-359F-B903-0965348C54F5}.MinSizeRel|x64.Build.0 = MinSizeRel|x64
		{9B9AC440-1AFB-359F-B903-0965348C54F5}.RelWithDebInfo|x64.ActiveCfg = RelWithDebInfo|x64
		{9B9AC440-1AFB-359F-B903-0965348C54F5}.RelWithDebInfo|x64.Build.0 = RelWithDebInfo|x64
		{1BBA3333-8246-31BA-8F92-1AAD2D01940A}.Debug|x64.ActiveCfg = Debug|x64
		{1BBA3333-8246-31BA-8F92-1AAD2D01940A}.Debug|x64.Build.0 = Debug|x64
		{1BBA3333-8246-31BA-8F92-1AAD2D01940A}.Release|x64.ActiveCfg = Release|x64
		{1BBA3333-8246-31BA-8F92-1AAD2D01940A}.Release|x64.Build.0 = Release|x64
		{1BBA3333-8246-31BA-8F92-1AAD2D01940A}.MinSizeRel|x64.ActiveCfg = MinSizeRel|x64
		{1BBA3333-8246-31BA-8F92-1AAD2D01940A}.MinSizeRel|x64.Build.0 = MinSizeRel|x64
		{1BBA3333-8246-31BA-8F92-1AAD2D01940A}.RelWithDebInfo|x64.ActiveCfg = RelWithDebInfo|x64
		{1BBA3333-8246-31BA-8F92-1AAD2D01940A}.RelWithDebInfo|x64.Build.0 = RelWithDebInfo|x64
		{B1F6B5F7-6DDB-37EF-A191-4CFD7B5AA44D}.Debug|x64.ActiveCfg = Debug|x64
		{B1F6B5F7-6DDB-37EF-A191-4CFD7B5AA44D}.Debug|x64.Build.0 = Debug|x64
		{B1F6B5F7-6DDB-37EF-A191-4CFD7B5AA44D}.Release|x64.ActiveCfg = Release|x64
		{B1F6B5F7-6DDB-37EF-A191-4CFD7B5AA44D}.Release|x64.Build.0 = Release|x64
		{B1F6B5F7-6DDB-37EF-A191-4CFD7B5AA44D}.MinSizeRel|x64.ActiveCfg = MinSizeRel|x64
		{B1F6B5F7-6DDB-37EF-A191-4CFD7B5AA44D}.MinSizeRel|x64.Build.0 = MinSizeRel|x64
		{B1F6B5F7-6DDB-37EF-A191-4CFD7B5AA44D}.RelWithDebInfo|x64.ActiveCfg = RelWithDebInfo|x64
		{B1F6B5F7-6DDB-37EF-A191-4CFD7B5AA44D}.RelWithDebInfo|x64.Build.0 = RelWithDebInfo|x64
		{FBADDDA7-DAB4-39B5-A0AA-E2923851582F}.Debug|x64.ActiveCfg = Debug|x64
		{FBADDDA7-DAB4-39B5-A0AA-E2923851582F}.Debug|x64.Build.0 = Debug|x64
		{FBADDDA7-DAB4-39B5-A0AA-E2923851582F}.Release|x64.ActiveCfg = Release|x64
		{FBADDDA7-DAB4-39B5-A0AA-E2923851582F}.Release|x64.Build.0 = Release|x64
		{FBADDDA7-DAB4-39B5-A0AA-E2923851582F}.MinSizeRel|x64.ActiveCfg = MinSizeRel|x64
		{FBADDDA7-DAB4-39B5-A0AA-E2923851582F}.MinSizeRel|x64.Build.0 = MinSizeRel|x64
		{FBADDDA7-DAB4-39B5-A0AA-E2923851582F}.RelWithDebInfo|x64.ActiveCfg = RelWithDebInfo|x64
		{FBADDDA7-DAB4-39B5-A0AA-E2923851582F}.RelWithDebInfo|x64.Build.0 = RelWithDebInfo|x64
		{7FB6B5C8-0DEA-3EB3-A8FD-D76EF9753EC7}.Debug|x64.ActiveCfg = Debug|x64
		{7FB6B5C8-0DEA-3EB3-A8FD-D76EF9753EC7}.Debug|x64.Build.0 = Debug|x64
		{7FB6B5C8-0DEA-3EB3-A8FD-D76EF9753EC7}.Release|x64.ActiveCfg = Release|x64
		{7FB6B5C8-0DEA-3EB3-A8FD-D76EF9753EC7}.Release|x64.Build.0 = Release|x64
		{7FB6B5C8-0DEA-3EB3-A8FD-D76EF9753EC7}.MinSizeRel|x64.ActiveCfg = MinSizeRel|x64
		{7FB6B5C8-0DEA-3EB3-A8FD-D76EF9753EC7}.MinSizeRel|x64.Build.0 = MinSizeRel|x64
		{7FB6B5C8-0DEA-3EB3-A8FD-D76EF9753EC7}.RelWithDebInfo|x64.ActiveCfg = RelWithDebInfo|x64
		{7FB6B5C8-0DEA-3EB3-A8FD-D76EF9753EC7}.RelWithDebInfo|x64.Build.0 = RelWithDebInfo|x64
		{CBC03E18-5585-3150-851A-6BF347DA1769}.Debug|x64.ActiveCfg = Debug|x64
		{CBC03E18-5585-3150-851A-6BF347DA1769}.Debug|x64.Build.0 = Debug|x64
		{CBC03E18-5585-3150-851A-6BF347DA1769}.Release|x64.ActiveCfg = Release|x64
		{CBC03E18-5585-3150-851A-6BF347DA1769}.Release|x64.Build.0 = Release|x64
		{CBC03E18-5585-3150-851A-6BF347DA1769}.MinSizeRel|x64.ActiveCfg = MinSizeRel|x64
		{CBC03E18-5585-3150-851A-6BF347DA1769}.MinSizeRel|x64.Build.0 = MinSizeRel|x64
		{CBC03E18-5585-3150-851A-6BF347DA1769}.RelWithDebInfo|x64.ActiveCfg = RelWithDebInfo|x64
		{CBC03E18-5585-3150-851A-6BF347DA1769}.RelWithDebInfo|x64.Build.0 = RelWithDebInfo|x64
		{03CE5648-D799-3DFF-BEAF-D5C3E0BD8691}.Debug|x64.ActiveCfg = Debug|x64
		{03CE5648-D799-3DFF-BEAF-D5C3E0BD8691}.Debug|x64.Build.0 = Debug|x64
		{03CE5648-D799-3DFF-BEAF-D5C3E0BD8691}.Release|x64.ActiveCfg = Release|x64
		{03CE5648-D799-3DFF-BEAF-D5C3E0BD8691}.Release|x64.Build.0 = Release|x64
		{03CE5648-D799-3DFF-BEAF-D5C3E0BD8691}.MinSizeRel|x64.ActiveCfg = MinSizeRel|x64
		{03CE5648-D799-3DFF-BEAF-D5C3E0BD8691}.MinSizeRel|x64.Build.0 = MinSizeRel|x64
		{03CE5648-D799-3DFF-BEAF-D5C3E0BD8691}.RelWithDebInfo|x64.ActiveCfg = RelWithDebInfo|x64
		{03CE5648-D799-3DFF-BEAF-D5C3E0BD8691}.RelWithDebInfo|x64.Build.0 = RelWithDebInfo|x64
		{B29BC4A1-7F31-3342-BE80-A8D6245CFB3B}.Debug|x64.ActiveCfg = Debug|x64
		{B29BC4A1-7F31-3342-BE80-A8D6245CFB3B}.Debug|x64.Build.0 = Debug|x64
		{B29BC4A1-7F31-3342-BE80-A8D6245CFB3B}.Release|x64.ActiveCfg = Release|x64
		{B29BC4A1-7F31-3342-BE80-A8D6245CFB3B}.Release|x64.Build.0 = Release|x64
		{B29BC4A1-7F31-3342-BE80-A8D6245CFB3B}.MinSizeRel|x64.ActiveCfg = MinSizeRel|x64
		{B29BC4A1-7F31-3342-BE80-A8D6245CFB3B}.MinSizeRel|x64.Build.0 = MinSizeRel|x64
		{B29BC4A1-7F31-3342-BE80-A8D6245CFB3B}.RelWithDebInfo|x64.ActiveCfg = RelWithDebInfo|x64
		{B29BC4A1-7F31-3342-BE80-A8D6245CFB3B}.RelWithDebInfo|x64.Build.0 = RelWithDebInfo|x64
		{9DBC3787-D03C-3F3E-BB4F-AA8976AB77E7}.Debug|x64.ActiveCfg = Debug|x64
		{9DBC3787-D03C-3F3E-BB4F-AA8976AB77E7}.Debug|x64.Build.0 = Debug|x64
		{9DBC3787-D03C-3F3E-BB4F-AA8976AB77E7}.Release|x64.ActiveCfg = Release|x64
		{9DBC3787-D03C-3F3E-BB4F-AA8976AB77E7}.Release|x64.Build.0 = Release|x64
		{9DBC3787-D03C-3F3E-BB4F-AA8976AB77E7}.MinSizeRel|x64.ActiveCfg = MinSizeRel|x64
		{9DBC3787-D03C-3F3E-BB4F-AA8976AB77E7}.MinSizeRel|x64.Build.0 = MinSizeRel|x64
		{9DBC3787-D03C-3F3E-BB4F-AA8976AB77E7}.RelWithDebInfo|x64.ActiveCfg = RelWithDebInfo|x64
		{9DBC3787-D03C-3F3E-BB4F-AA8976AB77E7}.RelWithDebInfo|x64.Build.0 = RelWithDebInfo|x64
		{AC21A53E-5B2F-39E8-97E4-96D4729FFF74}.Debug|x64.ActiveCfg = Debug|x64
		{AC21A53E-5B2F-39E8-97E4-96D4729FFF74}.Debug|x64.Build.0 = Debug|x64
		{AC21A53E-5B2F-39E8-97E4-96D4729FFF74}.Release|x64.ActiveCfg = Release|x64
		{AC21A53E-5B2F-39E8-97E4-96D4729FFF74}.Release|x64.Build.0 = Release|x64
		{AC21A53E-5B2F-39E8-97E4-96D4729FFF74}.MinSizeRel|x64.ActiveCfg = MinSizeRel|x64
		{AC21A53E-5B2F-39E8-97E4-96D4729FFF74}.MinSizeRel|x64.Build.0 = MinSizeRel|x64
		{AC21A53E-5B2F-39E8-97E4-96D4729FFF74}.RelWithDebInfo|x64.ActiveCfg = RelWithDebInfo|x64
		{AC21A53E-5B2F-39E8-97E4-96D4729FFF74}.RelWithDebInfo|x64.Build.0 = RelWithDebInfo|x64
		{62E933F0-A253-3350-9E50-54C2A5AEB137}.Debug|x64.ActiveCfg = Debug|x64
		{62E933F0-A253-3350-9E50-54C2A5AEB137}.Debug|x64.Build.0 = Debug|x64
		{62E933F0-A253-3350-9E50-54C2A5AEB137}.Release|x64.ActiveCfg = Release|x64
		{62E933F0-A253-3350-9E50-54C2A5AEB137}.Release|x64.Build.0 = Release|x64
		{62E933F0-A253-3350-9E50-54C2A5AEB137}.MinSizeRel|x64.ActiveCfg = MinSizeRel|x64
		{62E933F0-A253-3350-9E50-54C2A5AEB137}.MinSizeRel|x64.Build.0 = MinSizeRel|x64
		{62E933F0-A253-3350-9E50-54C2A5AEB137}.RelWithDebInfo|x64.ActiveCfg = RelWithDebInfo|x64
		{62E933F0-A253-3350-9E50-54C2A5AEB137}.RelWithDebInfo|x64.Build.0 = RelWithDebInfo|x64
		{5FDDCC17-A71A-395C-9299-70F61E70C1D8}.Debug|x64.ActiveCfg = Debug|x64
		{5FDDCC17-A71A-395C-9299-70F61E70C1D8}.Debug|x64.Build.0 = Debug|x64
		{5FDDCC17-A71A-395C-9299-70F61E70C1D8}.Release|x64.ActiveCfg = Release|x64
		{5FDDCC17-A71A-395C-9299-70F61E70C1D8}.Release|x64.Build.0 = Release|x64
		{5FDDCC17-A71A-395C-9299-70F61E70C1D8}.MinSizeRel|x64.ActiveCfg = MinSizeRel|x64
		{5FDDCC17-A71A-395C-9299-70F61E70C1D8}.MinSizeRel|x64.Build.0 = MinSizeRel|x64
		{5FDDCC17-A71A-395C-9299-70F61E70C1D8}.RelWithDebInfo|x64.ActiveCfg = RelWithDebInfo|x64
		{5FDDCC17-A71A-395C-9299-70F61E70C1D8}.RelWithDebInfo|x64.Build.0 = RelWithDebInfo|x64
		{494C289E-E686-336C-A515-BF4ED40FB0A0}.Debug|x64.ActiveCfg = Debug|x64
		{494C289E-E686-336C-A515-BF4ED40FB0A0}.Debug|x64.Build.0 = Debug|x64
		{494C289E-E686-336C-A515-BF4ED40FB0A0}.Release|x64.ActiveCfg = Release|x64
		{494C289E-E686-336C-A515-BF4ED40FB0A0}.Release|x64.Build.0 = Release|x64
		{494C289E-E686-336C-A515-BF4ED40FB0A0}.MinSizeRel|x64.ActiveCfg = MinSizeRel|x64
		{494C289E-E686-336C-A515-BF4ED40FB0A0}.MinSizeRel|x64.Build.0 = MinSizeRel|x64
		{494C289E-E686-336C-A515-BF4ED40FB0A0}.RelWithDebInfo|x64.ActiveCfg = RelWithDebInfo|x64
		{494C289E-E686-336C-A515-BF4ED40FB0A0}.RelWithDebInfo|x64.Build.0 = RelWithDebInfo|x64
		{EEC0254D-7F59-30C7-B7D4-8AC2A813F105}.Debug|x64.ActiveCfg = Debug|x64
		{EEC0254D-7F59-30C7-B7D4-8AC2A813F105}.Debug|x64.Build.0 = Debug|x64
		{EEC0254D-7F59-30C7-B7D4-8AC2A813F105}.Release|x64.ActiveCfg = Release|x64
		{EEC0254D-7F59-30C7-B7D4-8AC2A813F105}.Release|x64.Build.0 = Release|x64
		{EEC0254D-7F59-30C7-B7D4-8AC2A813F105}.MinSizeRel|x64.ActiveCfg = MinSizeRel|x64
		{EEC0254D-7F59-30C7-B7D4-8AC2A813F105}.MinSizeRel|x64.Build.0 = MinSizeRel|x64
		{EEC0254D-7F59-30C7-B7D4-8AC2A813F105}.RelWithDebInfo|x64.ActiveCfg = RelWithDebInfo|x64
		{EEC0254D-7F59-30C7-B7D4-8AC2A813F105}.RelWithDebInfo|x64.Build.0 = RelWithDebInfo|x64
		{5AAAC1E4-472E-3135-B93E-BD6DAC600D2B}.Debug|x64.ActiveCfg = Debug|x64
		{5AAAC1E4-472E-3135-B93E-BD6DAC600D2B}.Debug|x64.Build.0 = Debug|x64
		{5AAAC1E4-472E-3135-B93E-BD6DAC600D2B}.Release|x64.ActiveCfg = Release|x64
		{5AAAC1E4-472E-3135-B93E-BD6DAC600D2B}.Release|x64.Build.0 = Release|x64
		{5AAAC1E4-472E-3135-B93E-BD6DAC600D2B}.MinSizeRel|x64.ActiveCfg = MinSizeRel|x64
		{5AAAC1E4-472E-3135-B93E-BD6DAC600D2B}.MinSizeRel|x64.Build.0 = MinSizeRel|x64
		{5AAAC1E4-472E-3135-B93E-BD6DAC600D2B}.RelWithDebInfo|x64.ActiveCfg = RelWithDebInfo|x64
		{5AAAC1E4-472E-3135-B93E-BD6DAC600D2B}.RelWithDebInfo|x64.Build.0 = RelWithDebInfo|x64
		{39679A1F-EC58-327F-82F4-68AAF091730B}.Debug|x64.ActiveCfg = Debug|x64
		{39679A1F-EC58-327F-82F4-68AAF091730B}.Debug|x64.Build.0 = Debug|x64
		{39679A1F-EC58-327F-82F4-68AAF091730B}.Release|x64.ActiveCfg = Release|x64
		{39679A1F-EC58-327F-82F4-68AAF091730B}.Release|x64.Build.0 = Release|x64
		{39679A1F-EC58-327F-82F4-68AAF091730B}.MinSizeRel|x64.ActiveCfg = MinSizeRel|x64
		{39679A1F-EC58-327F-82F4-68AAF091730B}.MinSizeRel|x64.Build.0 = MinSizeRel|x64
		{39679A1F-EC58-327F-82F4-68AAF091730B}.RelWithDebInfo|x64.ActiveCfg = RelWithDebInfo|x64
		{39679A1F-EC58-327F-82F4-68AAF091730B}.RelWithDebInfo|x64.Build.0 = RelWithDebInfo|x64
		{7424259E-F0F1-3173-A492-E44922E6503D}.Debug|x64.ActiveCfg = Debug|x64
		{7424259E-F0F1-3173-A492-E44922E6503D}.Debug|x64.Build.0 = Debug|x64
		{7424259E-F0F1-3173-A492-E44922E6503D}.Release|x64.ActiveCfg = Release|x64
		{7424259E-F0F1-3173-A492-E44922E6503D}.Release|x64.Build.0 = Release|x64
		{7424259E-F0F1-3173-A492-E44922E6503D}.MinSizeRel|x64.ActiveCfg = MinSizeRel|x64
		{7424259E-F0F1-3173-A492-E44922E6503D}.MinSizeRel|x64.Build.0 = MinSizeRel|x64
		{7424259E-F0F1-3173-A492-E44922E6503D}.RelWithDebInfo|x64.ActiveCfg = RelWithDebInfo|x64
		{7424259E-F0F1-3173-A492-E44922E6503D}.RelWithDebInfo|x64.Build.0 = RelWithDebInfo|x64
		{C6D4D501-6063-31BB-B112-2317BA4FAE5E}.Debug|x64.ActiveCfg = Debug|x64
		{C6D4D501-6063-31BB-B112-2317BA4FAE5E}.Release|x64.ActiveCfg = Release|x64
		{C6D4D501-6063-31BB-B112-2317BA4FAE5E}.MinSizeRel|x64.ActiveCfg = MinSizeRel|x64
		{C6D4D501-6063-31BB-B112-2317BA4FAE5E}.RelWithDebInfo|x64.ActiveCfg = RelWithDebInfo|x64
		{59624E6C-0970-39F0-85A1-F9436B71F20D}.Debug|x64.ActiveCfg = Debug|x64
		{59624E6C-0970-39F0-85A1-F9436B71F20D}.Debug|x64.Build.0 = Debug|x64
		{59624E6C-0970-39F0-85A1-F9436B71F20D}.Release|x64.ActiveCfg = Release|x64
		{59624E6C-0970-39F0-85A1-F9436B71F20D}.Release|x64.Build.0 = Release|x64
		{59624E6C-0970-39F0-85A1-F9436B71F20D}.MinSizeRel|x64.ActiveCfg = MinSizeRel|x64
		{59624E6C-0970-39F0-85A1-F9436B71F20D}.MinSizeRel|x64.Build.0 = MinSizeRel|x64
		{59624E6C-0970-39F0-85A1-F9436B71F20D}.RelWithDebInfo|x64.ActiveCfg = RelWithDebInfo|x64
		{59624E6C-0970-39F0-85A1-F9436B71F20D}.RelWithDebInfo|x64.Build.0 = RelWithDebInfo|x64
		{B10F9BF2-C61A-3566-A8A6-37D2E6E12273}.Debug|x64.ActiveCfg = Debug|x64
		{B10F9BF2-C61A-3566-A8A6-37D2E6E12273}.Debug|x64.Build.0 = Debug|x64
		{B10F9BF2-C61A-3566-A8A6-37D2E6E12273}.Release|x64.ActiveCfg = Release|x64
		{B10F9BF2-C61A-3566-A8A6-37D2E6E12273}.Release|x64.Build.0 = Release|x64
		{B10F9BF2-C61A-3566-A8A6-37D2E6E12273}.MinSizeRel|x64.ActiveCfg = MinSizeRel|x64
		{B10F9BF2-C61A-3566-A8A6-37D2E6E12273}.MinSizeRel|x64.Build.0 = MinSizeRel|x64
		{B10F9BF2-C61A-3566-A8A6-37D2E6E12273}.RelWithDebInfo|x64.ActiveCfg = RelWithDebInfo|x64
		{B10F9BF2-C61A-3566-A8A6-37D2E6E12273}.RelWithDebInfo|x64.Build.0 = RelWithDebInfo|x64
	EndGlobalSection
	GlobalSection(NestedProjects) = preSolution
		{BDED4302-6AA8-320D-85BB-42E58969BFA0} = {54C026C8-5A3A-3E61-8A3D-969720005C01}
		{B3D326CD-FD2D-37DD-9250-49F273A85F69} = {54C026C8-5A3A-3E61-8A3D-969720005C01}
		{1FC658BA-BE47-3A7E-990D-A3118BE102F8} = {54C026C8-5A3A-3E61-8A3D-969720005C01}
		{3B4EDE19-BD35-35DD-84FB-101B2464BC20} = {3BC2212C-7ACA-388C-8AA0-01FB55A9B92E}
		{F4DD5AB2-EA98-367A-A44D-AC2704750D52} = {3BC2212C-7ACA-388C-8AA0-01FB55A9B92E}
		{1508BF24-5D75-35BC-B730-760AE79C2D36} = {3BC2212C-7ACA-388C-8AA0-01FB55A9B92E}
		{8B2CC996-AD11-3144-9739-BE99C8F65C27} = {3BC2212C-7ACA-388C-8AA0-01FB55A9B92E}
		{1BBA3333-8246-31BA-8F92-1AAD2D01940A} = {65DB209E-4FB2-38BC-A8A5-08F37087C022}
		{B10F9BF2-C61A-3566-A8A6-37D2E6E12273} = {65DB209E-4FB2-38BC-A8A5-08F37087C022}
		{C6D4D501-6063-31BB-B112-2317BA4FAE5E} = {7751A339-BA10-3343-843A-C2991A90EF65}
		{AC21A53E-5B2F-39E8-97E4-96D4729FFF74} = {727550FA-3435-33A5-A7DE-568EFEB57301}
	EndGlobalSection
	GlobalSection(ExtensibilityGlobals) = postSolution
		SolutionGuid = {48E4E427-860B-3BE1-B30D-1F3CADC216E5}
	EndGlobalSection
	GlobalSection(ExtensibilityAddIns) = postSolution
	EndGlobalSection
EndGlobal
