<?xml version="1.0" encoding="utf-8"?>
<Project ToolsVersion="17.0" xmlns="http://schemas.microsoft.com/developer/msbuild/2003">
  <ItemGroup>
    <CustomBuild Include="I:\code\lobotomy-x\UEVR\build-hunt\CMakeFiles\5f213ce94b1117b0ec437a2dfdb94cf4\INSTALL_force.rule">
      <Filter>CMake Rules</Filter>
    </CustomBuild>
  </ItemGroup>
  <ItemGroup>
    <Filter Include="CMake Rules">
      <UniqueIdentifier>{948877E6-E837-3785-BEBD-7031F5B2F643}</UniqueIdentifier>
    </Filter>
  </ItemGroup>
</Project>
